
Microsoft Visual Studio Solution File, Format Version 12.00
# Visual Studio 15
VisualStudioVersion = 15.0.26403.7
MinimumVisualStudioVersion = 10.0.40219.1
Project("{2150E333-8FDC-42A3-9474-1A3956D46DE8}") = ".nuget", ".nuget", "{4A875217-E67E-4734-8D70-93C6E9AA98DF}"
	ProjectSection(SolutionItems) = preProject
		.nuget\NuGet.Config = .nuget\NuGet.Config
		.nuget\NuGet.exe = .nuget\NuGet.exe
		.nuget\NuGet.targets = .nuget\NuGet.targets
	EndProjectSection
EndProject
Project("{2150E333-8FDC-42A3-9474-1A3956D46DE8}") = "01 Framework 基础设施层", "01 Framework 基础设施层", "{122E7A7F-2499-4A34-BF7D-FE4780D1134A}"
EndProject
Project("{2150E333-8FDC-42A3-9474-1A3956D46DE8}") = "01 Cache 数据缓存层", "01 Cache 数据缓存层", "{01B302AC-D064-4F41-9679-A5F043B1E5FC}"
EndProject
Project("{2150E333-8FDC-42A3-9474-1A3956D46DE8}") = "02 Util 实用工具", "02 Util 实用工具", "{FAEC3009-B8FD-4A44-B56C-37B819868091}"
EndProject
Project("{2150E333-8FDC-42A3-9474-1A3956D46DE8}") = "03 Builder代码生成", "03 Builder代码生成", "{496B3513-FA68-45F9-AAF6-9D2AA4CF0DFB}"
EndProject
Project("{2150E333-8FDC-42A3-9474-1A3956D46DE8}") = "02 DataAccess 数据库核心层", "02 DataAccess 数据库核心层", "{544A0B77-8B9E-416E-847F-7C8D59411B6A}"
EndProject
Project("{2150E333-8FDC-42A3-9474-1A3956D46DE8}") = "03 Application 业务逻辑层", "03 Application 业务逻辑层", "{571B3EE9-1348-4F87-A68D-A9F1F2E36D35}"
EndProject
Project("{2150E333-8FDC-42A3-9474-1A3956D46DE8}") = "01 Cache 应用缓存", "01 Cache 应用缓存", "{CF8DEFF2-1471-4D02-AC7C-6438536038E3}"
EndProject
Project("{2150E333-8FDC-42A3-9474-1A3956D46DE8}") = "02 Models 实体层", "02 Models 实体层", "{1C5B74BB-1590-4F16-91BE-ACCC2B52A53D}"
EndProject
Project("{2150E333-8FDC-42A3-9474-1A3956D46DE8}") = "04 Application 界面应用层", "04 Application 界面应用层", "{B9973205-FF71-4FF2-A6EE-28E5DE9F3BBC}"
EndProject
Project("{2150E333-8FDC-42A3-9474-1A3956D46DE8}") = "05 WebApp 手机端应用", "05 WebApp 手机端应用", "{33345CDC-72A5-47A1-86C2-07AD255458F9}"
EndProject
Project("{2150E333-8FDC-42A3-9474-1A3956D46DE8}") = "06 SOA 面向服务架构", "06 SOA 面向服务架构", "{5EF39135-9BA7-48C9-A8C8-E00A93B08178}"
EndProject
Project("{FAE04EC0-301F-11D3-BF4B-00C04F79EFBC}") = "YaChH.Cache", "YaChH.Cache\YaChH.Cache\YaChH.Cache.csproj", "{FC9B88B5-272C-449D-BCD3-BE2D3BAF880D}"
EndProject
Project("{FAE04EC0-301F-11D3-BF4B-00C04F79EFBC}") = "YaChH.Cache.Factory", "YaChH.Cache\YaChH.Cache.Factory\YaChH.Cache.Factory.csproj", "{95EC708B-38A2-4A5F-A22A-AB0D3F0A04B5}"
EndProject
Project("{FAE04EC0-301F-11D3-BF4B-00C04F79EFBC}") = "YaChH.Cache.Redis", "YaChH.Cache\YaChH.Cache.Redis\YaChH.Cache.Redis.csproj", "{A5045D97-17A1-4D08-8D74-091264728877}"
EndProject
Project("{FAE04EC0-301F-11D3-BF4B-00C04F79EFBC}") = "YaChH.Util", "YaChH.Util\YaChH.Util\YaChH.Util.csproj", "{C3F58DE0-C221-427C-98E1-5A689CC3A35D}"
EndProject
Project("{FAE04EC0-301F-11D3-BF4B-00C04F79EFBC}") = "YaChH.Util.FlowWork", "YaChH.Util\YaChH.Util.FlowWork\YaChH.Util.FlowWork.csproj", "{FF3E1E52-5516-46D7-8A9B-76E8C2688A65}"
EndProject
Project("{FAE04EC0-301F-11D3-BF4B-00C04F79EFBC}") = "YaChH.Util.Ioc", "YaChH.Util\YaChH.Util.Ioc\YaChH.Util.Ioc.csproj", "{7D7B4184-3428-4219-B901-59CBB1227BAF}"
EndProject
Project("{FAE04EC0-301F-11D3-BF4B-00C04F79EFBC}") = "YaChH.Util.Log", "YaChH.Util\YaChH.Util.Log\YaChH.Util.Log.csproj", "{B98B2136-DDDC-47F7-9C24-AEC312211B6D}"
EndProject
Project("{FAE04EC0-301F-11D3-BF4B-00C04F79EFBC}") = "YaChH.Util.Offices", "YaChH.Util\YaChH.Util.Offices\YaChH.Util.Offices.csproj", "{E0BEC2AA-22AD-416E-B61E-8C8C182B0CF2}"
EndProject
Project("{FAE04EC0-301F-11D3-BF4B-00C04F79EFBC}") = "YaChH.Util.SignalR", "YaChH.Util\YaChH.Util.SignalR\YaChH.Util.SignalR.csproj", "{618372B4-CFC9-4762-9B55-0A359FC6FDA8}"
EndProject
Project("{FAE04EC0-301F-11D3-BF4B-00C04F79EFBC}") = "YaChH.Util.WebControl", "YaChH.Util\YaChH.Util.WebControl\YaChH.Util.WebControl.csproj", "{523D59EA-17D2-4F1C-B113-3D2F5B27A738}"
EndProject
Project("{FAE04EC0-301F-11D3-BF4B-00C04F79EFBC}") = "YaChH.Util.WeChat", "YaChH.Util\YaChH.Util.WeChat\YaChH.Util.WeChat.csproj", "{9AFFEF96-1659-4264-85D7-14F2319B8FD6}"
EndProject
Project("{FAE04EC0-301F-11D3-BF4B-00C04F79EFBC}") = "YaChH.Util.Extension", "YaChH.Util\YaChH.Util.Extension\YaChH.Util.Extension.csproj", "{3E0DE729-B70B-4964-844A-BDEE5CDB28EA}"
EndProject
Project("{FAE04EC0-301F-11D3-BF4B-00C04F79EFBC}") = "YaChH.CodeGenerator", "YaChH.CodeGenerator\YaChH.CodeGenerator.csproj", "{F54A7B92-C9F7-4466-8B58-C781F04E9CD3}"
EndProject
Project("{FAE04EC0-301F-11D3-BF4B-00C04F79EFBC}") = "YaChH.Data", "YaChH.Data\YaChH.Data\YaChH.Data.csproj", "{37C7C1F7-BBA2-4E2E-9853-DC139E4AABF2}"
EndProject
Project("{FAE04EC0-301F-11D3-BF4B-00C04F79EFBC}") = "YaChH.Data.Dapper", "YaChH.Data\YaChH.Data.Dapper\YaChH.Data.Dapper.csproj", "{001EDFA8-0D72-4917-9773-FB89385F534E}"
EndProject
Project("{FAE04EC0-301F-11D3-BF4B-00C04F79EFBC}") = "YaChH.Data.EF", "YaChH.Data\YaChH.Data.EF\YaChH.Data.EF.csproj", "{0F672612-327F-4679-88EC-6A80B9506D04}"
EndProject
Project("{FAE04EC0-301F-11D3-BF4B-00C04F79EFBC}") = "YaChH.Data.Repository", "YaChH.Data\YaChH.Data.Repository\YaChH.Data.Repository.csproj", "{E382BA91-440A-42D1-BCA6-2F5C748B4500}"
EndProject
Project("{FAE04EC0-301F-11D3-BF4B-00C04F79EFBC}") = "YaChH.Application.Cache", "YaChH.Application\YaChH.Application.Cache\YaChH.Application.Cache.csproj", "{5A372481-0C62-4D73-84E2-1259970FC51A}"
EndProject
Project("{FAE04EC0-301F-11D3-BF4B-00C04F79EFBC}") = "YaChH.Application.Entity", "YaChH.Application\YaChH.Application.Entity\YaChH.Application.Entity.csproj", "{9E855FBE-0634-4198-B22D-873216E9B38C}"
EndProject
Project("{FAE04EC0-301F-11D3-BF4B-00C04F79EFBC}") = "YaChH.Application.Mapping", "YaChH.Application\YaChH.Application.Mapping\YaChH.Application.Mapping.csproj", "{2775F626-52C6-410C-A947-DE7C107F76E7}"
EndProject
Project("{FAE04EC0-301F-11D3-BF4B-00C04F79EFBC}") = "YaChH.Application.Busines", "YaChH.Application\YaChH.Application.Busines\YaChH.Application.Busines.csproj", "{F61C20BD-F3E5-42AA-A72A-32A413EB05F9}"
EndProject
Project("{FAE04EC0-301F-11D3-BF4B-00C04F79EFBC}") = "YaChH.Application.IService", "YaChH.Application\YaChH.Application.IService\YaChH.Application.IService.csproj", "{9AF803D0-1065-4C37-9EF0-C3FAB46F7CB0}"
EndProject
Project("{FAE04EC0-301F-11D3-BF4B-00C04F79EFBC}") = "YaChH.Application.Service", "YaChH.Application\YaChH.Application.Service\YaChH.Application.Service.csproj", "{8AC0A18C-F1B7-441A-B3B1-6AC426B724D6}"
EndProject
Project("{FAE04EC0-301F-11D3-BF4B-00C04F79EFBC}") = "YaChH.Application.Code", "YaChH.Application\YaChH.Application.Code\YaChH.Application.Code.csproj", "{AA1A507A-356F-4783-9B99-27C3531CEED1}"
EndProject
Project("{FAE04EC0-301F-11D3-BF4B-00C04F79EFBC}") = "YaChH.SOA.IM", "YaChH.SOA\YaChH.SOA.IM\YaChH.SOA.IM.csproj", "{205E0DA1-930A-43D1-B5A1-FB80534F8468}"
EndProject
Project("{FAE04EC0-301F-11D3-BF4B-00C04F79EFBC}") = "YaChH.SOA.SSO", "YaChH.SOA\YaChH.SOA.SSO\YaChH.SOA.SSO.csproj", "{E921B55A-901F-493B-B3BD-FCF3E8724618}"
EndProject
Project("{FAE04EC0-301F-11D3-BF4B-00C04F79EFBC}") = "YaChH.Application.Web", "YaChH.Application\YaChH.Application.Web\YaChH.Application.Web.csproj", "{1D8FC20B-427E-4D5F-813B-D3FF2D89A96C}"
EndProject
Global
	GlobalSection(SolutionConfigurationPlatforms) = preSolution
		Debug|Any CPU = Debug|Any CPU
		Release|Any CPU = Release|Any CPU
	EndGlobalSection
	GlobalSection(ProjectConfigurationPlatforms) = postSolution
		{FC9B88B5-272C-449D-BCD3-BE2D3BAF880D}.Debug|Any CPU.ActiveCfg = Debug|Any CPU
		{FC9B88B5-272C-449D-BCD3-BE2D3BAF880D}.Debug|Any CPU.Build.0 = Debug|Any CPU
		{FC9B88B5-272C-449D-BCD3-BE2D3BAF880D}.Release|Any CPU.ActiveCfg = Release|Any CPU
		{FC9B88B5-272C-449D-BCD3-BE2D3BAF880D}.Release|Any CPU.Build.0 = Release|Any CPU
		{95EC708B-38A2-4A5F-A22A-AB0D3F0A04B5}.Debug|Any CPU.ActiveCfg = Debug|Any CPU
		{95EC708B-38A2-4A5F-A22A-AB0D3F0A04B5}.Debug|Any CPU.Build.0 = Debug|Any CPU
		{95EC708B-38A2-4A5F-A22A-AB0D3F0A04B5}.Release|Any CPU.ActiveCfg = Release|Any CPU
		{95EC708B-38A2-4A5F-A22A-AB0D3F0A04B5}.Release|Any CPU.Build.0 = Release|Any CPU
		{A5045D97-17A1-4D08-8D74-091264728877}.Debug|Any CPU.ActiveCfg = Debug|Any CPU
		{A5045D97-17A1-4D08-8D74-091264728877}.Debug|Any CPU.Build.0 = Debug|Any CPU
		{A5045D97-17A1-4D08-8D74-091264728877}.Release|Any CPU.ActiveCfg = Release|Any CPU
		{A5045D97-17A1-4D08-8D74-091264728877}.Release|Any CPU.Build.0 = Release|Any CPU
		{C3F58DE0-C221-427C-98E1-5A689CC3A35D}.Debug|Any CPU.ActiveCfg = Debug|Any CPU
		{C3F58DE0-C221-427C-98E1-5A689CC3A35D}.Debug|Any CPU.Build.0 = Debug|Any CPU
		{C3F58DE0-C221-427C-98E1-5A689CC3A35D}.Release|Any CPU.ActiveCfg = Release|Any CPU
		{C3F58DE0-C221-427C-98E1-5A689CC3A35D}.Release|Any CPU.Build.0 = Release|Any CPU
		{FF3E1E52-5516-46D7-8A9B-76E8C2688A65}.Debug|Any CPU.ActiveCfg = Debug|Any CPU
		{FF3E1E52-5516-46D7-8A9B-76E8C2688A65}.Debug|Any CPU.Build.0 = Debug|Any CPU
		{FF3E1E52-5516-46D7-8A9B-76E8C2688A65}.Release|Any CPU.ActiveCfg = Release|Any CPU
		{FF3E1E52-5516-46D7-8A9B-76E8C2688A65}.Release|Any CPU.Build.0 = Release|Any CPU
		{7D7B4184-3428-4219-B901-59CBB1227BAF}.Debug|Any CPU.ActiveCfg = Debug|Any CPU
		{7D7B4184-3428-4219-B901-59CBB1227BAF}.Debug|Any CPU.Build.0 = Debug|Any CPU
		{7D7B4184-3428-4219-B901-59CBB1227BAF}.Release|Any CPU.ActiveCfg = Release|Any CPU
		{7D7B4184-3428-4219-B901-59CBB1227BAF}.Release|Any CPU.Build.0 = Release|Any CPU
		{B98B2136-DDDC-47F7-9C24-AEC312211B6D}.Debug|Any CPU.ActiveCfg = Debug|Any CPU
		{B98B2136-DDDC-47F7-9C24-AEC312211B6D}.Debug|Any CPU.Build.0 = Debug|Any CPU
		{B98B2136-DDDC-47F7-9C24-AEC312211B6D}.Release|Any CPU.ActiveCfg = Release|Any CPU
		{B98B2136-DDDC-47F7-9C24-AEC312211B6D}.Release|Any CPU.Build.0 = Release|Any CPU
		{E0BEC2AA-22AD-416E-B61E-8C8C182B0CF2}.Debug|Any CPU.ActiveCfg = Debug|Any CPU
		{E0BEC2AA-22AD-416E-B61E-8C8C182B0CF2}.Debug|Any CPU.Build.0 = Debug|Any CPU
		{E0BEC2AA-22AD-416E-B61E-8C8C182B0CF2}.Release|Any CPU.ActiveCfg = Release|Any CPU
		{E0BEC2AA-22AD-416E-B61E-8C8C182B0CF2}.Release|Any CPU.Build.0 = Release|Any CPU
		{618372B4-CFC9-4762-9B55-0A359FC6FDA8}.Debug|Any CPU.ActiveCfg = Debug|Any CPU
		{618372B4-CFC9-4762-9B55-0A359FC6FDA8}.Debug|Any CPU.Build.0 = Debug|Any CPU
		{618372B4-CFC9-4762-9B55-0A359FC6FDA8}.Release|Any CPU.ActiveCfg = Release|Any CPU
		{618372B4-CFC9-4762-9B55-0A359FC6FDA8}.Release|Any CPU.Build.0 = Release|Any CPU
		{523D59EA-17D2-4F1C-B113-3D2F5B27A738}.Debug|Any CPU.ActiveCfg = Debug|Any CPU
		{523D59EA-17D2-4F1C-B113-3D2F5B27A738}.Debug|Any CPU.Build.0 = Debug|Any CPU
		{523D59EA-17D2-4F1C-B113-3D2F5B27A738}.Release|Any CPU.ActiveCfg = Release|Any CPU
		{523D59EA-17D2-4F1C-B113-3D2F5B27A738}.Release|Any CPU.Build.0 = Release|Any CPU
		{9AFFEF96-1659-4264-85D7-14F2319B8FD6}.Debug|Any CPU.ActiveCfg = Debug|Any CPU
		{9AFFEF96-1659-4264-85D7-14F2319B8FD6}.Debug|Any CPU.Build.0 = Debug|Any CPU
		{9AFFEF96-1659-4264-85D7-14F2319B8FD6}.Release|Any CPU.ActiveCfg = Release|Any CPU
		{9AFFEF96-1659-4264-85D7-14F2319B8FD6}.Release|Any CPU.Build.0 = Release|Any CPU
		{3E0DE729-B70B-4964-844A-BDEE5CDB28EA}.Debug|Any CPU.ActiveCfg = Debug|Any CPU
		{3E0DE729-B70B-4964-844A-BDEE5CDB28EA}.Debug|Any CPU.Build.0 = Debug|Any CPU
		{3E0DE729-B70B-4964-844A-BDEE5CDB28EA}.Release|Any CPU.ActiveCfg = Release|Any CPU
		{3E0DE729-B70B-4964-844A-BDEE5CDB28EA}.Release|Any CPU.Build.0 = Release|Any CPU
		{F54A7B92-C9F7-4466-8B58-C781F04E9CD3}.Debug|Any CPU.ActiveCfg = Debug|Any CPU
		{F54A7B92-C9F7-4466-8B58-C781F04E9CD3}.Debug|Any CPU.Build.0 = Debug|Any CPU
		{F54A7B92-C9F7-4466-8B58-C781F04E9CD3}.Release|Any CPU.ActiveCfg = Release|Any CPU
		{F54A7B92-C9F7-4466-8B58-C781F04E9CD3}.Release|Any CPU.Build.0 = Release|Any CPU
		{37C7C1F7-BBA2-4E2E-9853-DC139E4AABF2}.Debug|Any CPU.ActiveCfg = Debug|Any CPU
		{37C7C1F7-BBA2-4E2E-9853-DC139E4AABF2}.Debug|Any CPU.Build.0 = Debug|Any CPU
		{37C7C1F7-BBA2-4E2E-9853-DC139E4AABF2}.Release|Any CPU.ActiveCfg = Release|Any CPU
		{37C7C1F7-BBA2-4E2E-9853-DC139E4AABF2}.Release|Any CPU.Build.0 = Release|Any CPU
		{001EDFA8-0D72-4917-9773-FB89385F534E}.Debug|Any CPU.ActiveCfg = Debug|Any CPU
		{001EDFA8-0D72-4917-9773-FB89385F534E}.Debug|Any CPU.Build.0 = Debug|Any CPU
		{001EDFA8-0D72-4917-9773-FB89385F534E}.Release|Any CPU.ActiveCfg = Release|Any CPU
		{001EDFA8-0D72-4917-9773-FB89385F534E}.Release|Any CPU.Build.0 = Release|Any CPU
		{0F672612-327F-4679-88EC-6A80B9506D04}.Debug|Any CPU.ActiveCfg = Debug|Any CPU
		{0F672612-327F-4679-88EC-6A80B9506D04}.Debug|Any CPU.Build.0 = Debug|Any CPU
		{0F672612-327F-4679-88EC-6A80B9506D04}.Release|Any CPU.ActiveCfg = Release|Any CPU
		{0F672612-327F-4679-88EC-6A80B9506D04}.Release|Any CPU.Build.0 = Release|Any CPU
		{E382BA91-440A-42D1-BCA6-2F5C748B4500}.Debug|Any CPU.ActiveCfg = Debug|Any CPU
		{E382BA91-440A-42D1-BCA6-2F5C748B4500}.Debug|Any CPU.Build.0 = Debug|Any CPU
		{E382BA91-440A-42D1-BCA6-2F5C748B4500}.Release|Any CPU.ActiveCfg = Release|Any CPU
		{E382BA91-440A-42D1-BCA6-2F5C748B4500}.Release|Any CPU.Build.0 = Release|Any CPU
		{5A372481-0C62-4D73-84E2-1259970FC51A}.Debug|Any CPU.ActiveCfg = Debug|Any CPU
		{5A372481-0C62-4D73-84E2-1259970FC51A}.Debug|Any CPU.Build.0 = Debug|Any CPU
		{5A372481-0C62-4D73-84E2-1259970FC51A}.Release|Any CPU.ActiveCfg = Release|Any CPU
		{5A372481-0C62-4D73-84E2-1259970FC51A}.Release|Any CPU.Build.0 = Release|Any CPU
		{9E855FBE-0634-4198-B22D-873216E9B38C}.Debug|Any CPU.ActiveCfg = Debug|Any CPU
		{9E855FBE-0634-4198-B22D-873216E9B38C}.Debug|Any CPU.Build.0 = Debug|Any CPU
		{9E855FBE-0634-4198-B22D-873216E9B38C}.Release|Any CPU.ActiveCfg = Release|Any CPU
		{9E855FBE-0634-4198-B22D-873216E9B38C}.Release|Any CPU.Build.0 = Release|Any CPU
		{2775F626-52C6-410C-A947-DE7C107F76E7}.Debug|Any CPU.ActiveCfg = Debug|Any CPU
		{2775F626-52C6-410C-A947-DE7C107F76E7}.Debug|Any CPU.Build.0 = Debug|Any CPU
		{2775F626-52C6-410C-A947-DE7C107F76E7}.Release|Any CPU.ActiveCfg = Release|Any CPU
		{2775F626-52C6-410C-A947-DE7C107F76E7}.Release|Any CPU.Build.0 = Release|Any CPU
		{F61C20BD-F3E5-42AA-A72A-32A413EB05F9}.Debug|Any CPU.ActiveCfg = Debug|Any CPU
		{F61C20BD-F3E5-42AA-A72A-32A413EB05F9}.Debug|Any CPU.Build.0 = Debug|Any CPU
		{F61C20BD-F3E5-42AA-A72A-32A413EB05F9}.Release|Any CPU.ActiveCfg = Release|Any CPU
		{F61C20BD-F3E5-42AA-A72A-32A413EB05F9}.Release|Any CPU.Build.0 = Release|Any CPU
		{9AF803D0-1065-4C37-9EF0-C3FAB46F7CB0}.Debug|Any CPU.ActiveCfg = Debug|Any CPU
		{9AF803D0-1065-4C37-9EF0-C3FAB46F7CB0}.Debug|Any CPU.Build.0 = Debug|Any CPU
		{9AF803D0-1065-4C37-9EF0-C3FAB46F7CB0}.Release|Any CPU.ActiveCfg = Release|Any CPU
		{9AF803D0-1065-4C37-9EF0-C3FAB46F7CB0}.Release|Any CPU.Build.0 = Release|Any CPU
		{8AC0A18C-F1B7-441A-B3B1-6AC426B724D6}.Debug|Any CPU.ActiveCfg = Debug|Any CPU
		{8AC0A18C-F1B7-441A-B3B1-6AC426B724D6}.Debug|Any CPU.Build.0 = Debug|Any CPU
		{8AC0A18C-F1B7-441A-B3B1-6AC426B724D6}.Release|Any CPU.ActiveCfg = Release|Any CPU
		{8AC0A18C-F1B7-441A-B3B1-6AC426B724D6}.Release|Any CPU.Build.0 = Release|Any CPU
		{AA1A507A-356F-4783-9B99-27C3531CEED1}.Debug|Any CPU.ActiveCfg = Debug|Any CPU
		{AA1A507A-356F-4783-9B99-27C3531CEED1}.Debug|Any CPU.Build.0 = Debug|Any CPU
		{AA1A507A-356F-4783-9B99-27C3531CEED1}.Release|Any CPU.ActiveCfg = Release|Any CPU
		{AA1A507A-356F-4783-9B99-27C3531CEED1}.Release|Any CPU.Build.0 = Release|Any CPU
		{205E0DA1-930A-43D1-B5A1-FB80534F8468}.Debug|Any CPU.ActiveCfg = Debug|Any CPU
		{205E0DA1-930A-43D1-B5A1-FB80534F8468}.Debug|Any CPU.Build.0 = Debug|Any CPU
		{205E0DA1-930A-43D1-B5A1-FB80534F8468}.Release|Any CPU.ActiveCfg = Release|Any CPU
		{205E0DA1-930A-43D1-B5A1-FB80534F8468}.Release|Any CPU.Build.0 = Release|Any CPU
		{E921B55A-901F-493B-B3BD-FCF3E8724618}.Debug|Any CPU.ActiveCfg = Debug|Any CPU
		{E921B55A-901F-493B-B3BD-FCF3E8724618}.Debug|Any CPU.Build.0 = Debug|Any CPU
		{E921B55A-901F-493B-B3BD-FCF3E8724618}.Release|Any CPU.ActiveCfg = Release|Any CPU
		{E921B55A-901F-493B-B3BD-FCF3E8724618}.Release|Any CPU.Build.0 = Release|Any CPU
		{1D8FC20B-427E-4D5F-813B-D3FF2D89A96C}.Debug|Any CPU.ActiveCfg = Debug|Any CPU
		{1D8FC20B-427E-4D5F-813B-D3FF2D89A96C}.Debug|Any CPU.Build.0 = Debug|Any CPU
		{1D8FC20B-427E-4D5F-813B-D3FF2D89A96C}.Release|Any CPU.ActiveCfg = Release|Any CPU
		{1D8FC20B-427E-4D5F-813B-D3FF2D89A96C}.Release|Any CPU.Build.0 = Release|Any CPU
	EndGlobalSection
	GlobalSection(SolutionProperties) = preSolution
		HideSolutionNode = FALSE
	EndGlobalSection
	GlobalSection(NestedProjects) = preSolution
		{01B302AC-D064-4F41-9679-A5F043B1E5FC} = {122E7A7F-2499-4A34-BF7D-FE4780D1134A}
		{FAEC3009-B8FD-4A44-B56C-37B819868091} = {122E7A7F-2499-4A34-BF7D-FE4780D1134A}
		{496B3513-FA68-45F9-AAF6-9D2AA4CF0DFB} = {122E7A7F-2499-4A34-BF7D-FE4780D1134A}
		{CF8DEFF2-1471-4D02-AC7C-6438536038E3} = {571B3EE9-1348-4F87-A68D-A9F1F2E36D35}
		{1C5B74BB-1590-4F16-91BE-ACCC2B52A53D} = {571B3EE9-1348-4F87-A68D-A9F1F2E36D35}
		{FC9B88B5-272C-449D-BCD3-BE2D3BAF880D} = {01B302AC-D064-4F41-9679-A5F043B1E5FC}
		{95EC708B-38A2-4A5F-A22A-AB0D3F0A04B5} = {01B302AC-D064-4F41-9679-A5F043B1E5FC}
		{A5045D97-17A1-4D08-8D74-091264728877} = {01B302AC-D064-4F41-9679-A5F043B1E5FC}
		{C3F58DE0-C221-427C-98E1-5A689CC3A35D} = {FAEC3009-B8FD-4A44-B56C-37B819868091}
		{FF3E1E52-5516-46D7-8A9B-76E8C2688A65} = {FAEC3009-B8FD-4A44-B56C-37B819868091}
		{7D7B4184-3428-4219-B901-59CBB1227BAF} = {FAEC3009-B8FD-4A44-B56C-37B819868091}
		{B98B2136-DDDC-47F7-9C24-AEC312211B6D} = {FAEC3009-B8FD-4A44-B56C-37B819868091}
		{E0BEC2AA-22AD-416E-B61E-8C8C182B0CF2} = {FAEC3009-B8FD-4A44-B56C-37B819868091}
		{618372B4-CFC9-4762-9B55-0A359FC6FDA8} = {FAEC3009-B8FD-4A44-B56C-37B819868091}
		{523D59EA-17D2-4F1C-B113-3D2F5B27A738} = {FAEC3009-B8FD-4A44-B56C-37B819868091}
		{9AFFEF96-1659-4264-85D7-14F2319B8FD6} = {FAEC3009-B8FD-4A44-B56C-37B819868091}
		{3E0DE729-B70B-4964-844A-BDEE5CDB28EA} = {FAEC3009-B8FD-4A44-B56C-37B819868091}
		{F54A7B92-C9F7-4466-8B58-C781F04E9CD3} = {496B3513-FA68-45F9-AAF6-9D2AA4CF0DFB}
		{37C7C1F7-BBA2-4E2E-9853-DC139E4AABF2} = {544A0B77-8B9E-416E-847F-7C8D59411B6A}
		{001EDFA8-0D72-4917-9773-FB89385F534E} = {544A0B77-8B9E-416E-847F-7C8D59411B6A}
		{0F672612-327F-4679-88EC-6A80B9506D04} = {544A0B77-8B9E-416E-847F-7C8D59411B6A}
		{E382BA91-440A-42D1-BCA6-2F5C748B4500} = {544A0B77-8B9E-416E-847F-7C8D59411B6A}
		{5A372481-0C62-4D73-84E2-1259970FC51A} = {CF8DEFF2-1471-4D02-AC7C-6438536038E3}
		{9E855FBE-0634-4198-B22D-873216E9B38C} = {1C5B74BB-1590-4F16-91BE-ACCC2B52A53D}
		{2775F626-52C6-410C-A947-DE7C107F76E7} = {1C5B74BB-1590-4F16-91BE-ACCC2B52A53D}
		{F61C20BD-F3E5-42AA-A72A-32A413EB05F9} = {571B3EE9-1348-4F87-A68D-A9F1F2E36D35}
		{9AF803D0-1065-4C37-9EF0-C3FAB46F7CB0} = {571B3EE9-1348-4F87-A68D-A9F1F2E36D35}
		{8AC0A18C-F1B7-441A-B3B1-6AC426B724D6} = {571B3EE9-1348-4F87-A68D-A9F1F2E36D35}
		{AA1A507A-356F-4783-9B99-27C3531CEED1} = {B9973205-FF71-4FF2-A6EE-28E5DE9F3BBC}
		{205E0DA1-930A-43D1-B5A1-FB80534F8468} = {5EF39135-9BA7-48C9-A8C8-E00A93B08178}
		{E921B55A-901F-493B-B3BD-FCF3E8724618} = {5EF39135-9BA7-48C9-A8C8-E00A93B08178}
		{1D8FC20B-427E-4D5F-813B-D3FF2D89A96C} = {B9973205-FF71-4FF2-A6EE-28E5DE9F3BBC}
	EndGlobalSection
EndGlobal
